// !$*UTF8*$!
{
	archiveVersion = 1;
	classes = {
	};
	objectVersion = 55;
	objects = {

/* Begin PBXBuildFile section */
		5B7790E3282C1495009E537F /* StrokeAnimation.swift in Sources */ = {isa = PBXBuildFile; fileRef = 5B7790E2282C1495009E537F /* StrokeAnimation.swift */; };
		5B7790E6282CEE65009E537F /* SnapKit in Frameworks */ = {isa = PBXBuildFile; productRef = 5B7790E5282CEE65009E537F /* SnapKit */; };
		5B7790E8282CF9BC009E537F /* FrameAnimation.swift in Sources */ = {isa = PBXBuildFile; fileRef = 5B7790E7282CF9BC009E537F /* FrameAnimation.swift */; };
		5B7790EA282CFC3F009E537F /* HueSpinnerView.swift in Sources */ = {isa = PBXBuildFile; fileRef = 5B7790E9282CFC3F009E537F /* HueSpinnerView.swift */; };
		5B7790EF282D870F009E537F /* RotationAnimation.swift in Sources */ = {isa = PBXBuildFile; fileRef = 5B7790EE282D870F009E537F /* RotationAnimation.swift */; };
		5BA74AE72821097E0088ABBC /* AppDelegate.swift in Sources */ = {isa = PBXBuildFile; fileRef = 5BA74AE62821097E0088ABBC /* AppDelegate.swift */; };
		5BA74AE92821097E0088ABBC /* SceneDelegate.swift in Sources */ = {isa = PBXBuildFile; fileRef = 5BA74AE82821097E0088ABBC /* SceneDelegate.swift */; };
		5BA74AEB2821097E0088ABBC /* ViewController.swift in Sources */ = {isa = PBXBuildFile; fileRef = 5BA74AEA2821097E0088ABBC /* ViewController.swift */; };
		5BA74AF02821097F0088ABBC /* Assets.xcassets in Resources */ = {isa = PBXBuildFile; fileRef = 5BA74AEF2821097F0088ABBC /* Assets.xcassets */; };
		5BA74AF32821097F0088ABBC /* LaunchScreen.storyboard in Resources */ = {isa = PBXBuildFile; fileRef = 5BA74AF12821097F0088ABBC /* LaunchScreen.storyboard */; };
		5BDE4D0928210D9C00C6CEE6 /* SpinnerView.swift in Sources */ = {isa = PBXBuildFile; fileRef = 5BDE4D0828210D9C00C6CEE6 /* SpinnerView.swift */; };
		5BDE4D0D282113C300C6CEE6 /* SpinnerShapeLayer.swift in Sources */ = {isa = PBXBuildFile; fileRef = 5BDE4D0C282113C300C6CEE6 /* SpinnerShapeLayer.swift */; };
/* End PBXBuildFile section */

/* Begin PBXFileReference section */
		5B7790E2282C1495009E537F /* StrokeAnimation.swift */ = {isa = PBXFileReference; lastKnownFileType = sourcecode.swift; path = StrokeAnimation.swift; sourceTree = "<group>"; };
		5B7790E7282CF9BC009E537F /* FrameAnimation.swift */ = {isa = PBXFileReference; lastKnownFileType = sourcecode.swift; path = FrameAnimation.swift; sourceTree = "<group>"; };
		5B7790E9282CFC3F009E537F /* HueSpinnerView.swift */ = {isa = PBXFileReference; lastKnownFileType = sourcecode.swift; path = HueSpinnerView.swift; sourceTree = "<group>"; };
		5B7790EE282D870F009E537F /* RotationAnimation.swift */ = {isa = PBXFileReference; lastKnownFileType = sourcecode.swift; path = RotationAnimation.swift; sourceTree = "<group>"; };
		5BA74AE32821097E0088ABBC /* Spinner Demo.app */ = {isa = PBXFileReference; explicitFileType = wrapper.application; includeInIndex = 0; path = "Spinner Demo.app"; sourceTree = BUILT_PRODUCTS_DIR; };
		5BA74AE62821097E0088ABBC /* AppDelegate.swift */ = {isa = PBXFileReference; lastKnownFileType = sourcecode.swift; path = AppDelegate.swift; sourceTree = "<group>"; };
		5BA74AE82821097E0088ABBC /* SceneDelegate.swift */ = {isa = PBXFileReference; lastKnownFileType = sourcecode.swift; path = SceneDelegate.swift; sourceTree = "<group>"; };
		5BA74AEA2821097E0088ABBC /* ViewController.swift */ = {isa = PBXFileReference; lastKnownFileType = sourcecode.swift; path = ViewController.swift; sourceTree = "<group>"; };
		5BA74AEF2821097F0088ABBC /* Assets.xcassets */ = {isa = PBXFileReference; lastKnownFileType = folder.assetcatalog; path = Assets.xcassets; sourceTree = "<group>"; };
		5BA74AF22821097F0088ABBC /* Base */ = {isa = PBXFileReference; lastKnownFileType = file.storyboard; name = Base; path = Base.lproj/LaunchScreen.storyboard; sourceTree = "<group>"; };
		5BA74AF42821097F0088ABBC /* Info.plist */ = {isa = PBXFileReference; lastKnownFileType = text.plist.xml; path = Info.plist; sourceTree = "<group>"; };
		5BDE4D0828210D9C00C6CEE6 /* SpinnerView.swift */ = {isa = PBXFileReference; lastKnownFileType = sourcecode.swift; path = SpinnerView.swift; sourceTree = "<group>"; };
		5BDE4D0C282113C300C6CEE6 /* SpinnerShapeLayer.swift */ = {isa = PBXFileReference; lastKnownFileType = sourcecode.swift; path = SpinnerShapeLayer.swift; sourceTree = "<group>"; };
/* End PBXFileReference section */

/* Begin PBXFrameworksBuildPhase section */
		5BA74AE02821097E0088ABBC /* Frameworks */ = {
			isa = PBXFrameworksBuildPhase;
			buildActionMask = 2147483647;
			files = (
				5B7790E6282CEE65009E537F /* SnapKit in Frameworks */,
			);
			runOnlyForDeploymentPostprocessing = 0;
		};
/* End PBXFrameworksBuildPhase section */

/* Begin PBXGroup section */
		5BA74ADA2821097E0088ABBC = {
			isa = PBXGroup;
			children = (
				5BA74AE52821097E0088ABBC /* Spinner Demo */,
				5BA74AE42821097E0088ABBC /* Products */,
			);
			sourceTree = "<group>";
		};
		5BA74AE42821097E0088ABBC /* Products */ = {
			isa = PBXGroup;
			children = (
				5BA74AE32821097E0088ABBC /* Spinner Demo.app */,
			);
			name = Products;
			sourceTree = "<group>";
		};
		5BA74AE52821097E0088ABBC /* Spinner Demo */ = {
			isa = PBXGroup;
			children = (
				5BDE4D0728210D8800C6CEE6 /* Circular Spinner */,
				5BA74AE62821097E0088ABBC /* AppDelegate.swift */,
				5BA74AE82821097E0088ABBC /* SceneDelegate.swift */,
				5BA74AEA2821097E0088ABBC /* ViewController.swift */,
				5BA74AEF2821097F0088ABBC /* Assets.xcassets */,
				5BA74AF12821097F0088ABBC /* LaunchScreen.storyboard */,
				5BA74AF42821097F0088ABBC /* Info.plist */,
			);
			path = "Spinner Demo";
			sourceTree = "<group>";
		};
		5BDE4D0728210D8800C6CEE6 /* Circular Spinner */ = {
			isa = PBXGroup;
			children = (
				5BDE4D0828210D9C00C6CEE6 /* SpinnerView.swift */,
				5B7790EE282D870F009E537F /* RotationAnimation.swift */,
				5BDE4D0C282113C300C6CEE6 /* SpinnerShapeLayer.swift */,
				5B7790E2282C1495009E537F /* StrokeAnimation.swift */,
				5B7790E7282CF9BC009E537F /* FrameAnimation.swift */,
				5B7790E9282CFC3F009E537F /* HueSpinnerView.swift */,
			);
			path = "Circular Spinner";
			sourceTree = "<group>";
		};
/* End PBXGroup section */

/* Begin PBXNativeTarget section */
		5BA74AE22821097E0088ABBC /* Spinner Demo */ = {
			isa = PBXNativeTarget;
			buildConfigurationList = 5BA74AF72821097F0088ABBC /* Build configuration list for PBXNativeTarget "Spinner Demo" */;
			buildPhases = (
				5BA74ADF2821097E0088ABBC /* Sources */,
				5BA74AE02821097E0088ABBC /* Frameworks */,
				5BA74AE12821097E0088ABBC /* Resources */,
			);
			buildRules = (
			);
			dependencies = (
			);
			name = "Spinner Demo";
			packageProductDependencies = (
				5B7790E5282CEE65009E537F /* SnapKit */,
			);
			productName = "Spinner Demo";
			productReference = 5BA74AE32821097E0088ABBC /* Spinner Demo.app */;
			productType = "com.apple.product-type.application";
		};
/* End PBXNativeTarget section */

/* Begin PBXProject section */
		5BA74ADB2821097E0088ABBC /* Project object */ = {
			isa = PBXProject;
			attributes = {
				BuildIndependentTargetsInParallel = 1;
				LastSwiftUpdateCheck = 1300;
				LastUpgradeCheck = 1300;
				TargetAttributes = {
					5BA74AE22821097E0088ABBC = {
						CreatedOnToolsVersion = 13.0;
					};
				};
			};
			buildConfigurationList = 5BA74ADE2821097E0088ABBC /* Build configuration list for PBXProject "Spinner Demo" */;
			compatibilityVersion = "Xcode 13.0";
			developmentRegion = en;
			hasScannedForEncodings = 0;
			knownRegions = (
				en,
				Base,
			);
			mainGroup = 5BA74ADA2821097E0088ABBC;
			packageReferences = (
				5B7790E4282CEE65009E537F /* XCRemoteSwiftPackageReference "SnapKit" */,
			);
			productRefGroup = 5BA74AE42821097E0088ABBC /* Products */;
			projectDirPath = "";
			projectRoot = "";
			targets = (
				5BA74AE22821097E0088ABBC /* Spinner Demo */,
			);
		};
/* End PBXProject section */

/* Begin PBXResourcesBuildPhase section */
		5BA74AE12821097E0088ABBC /* Resources */ = {
			isa = PBXResourcesBuildPhase;
			buildActionMask = 2147483647;
			files = (
				5BA74AF32821097F0088ABBC /* LaunchScreen.storyboard in Resources */,
				5BA74AF02821097F0088ABBC /* Assets.xcassets in Resources */,
			);
			runOnlyForDeploymentPostprocessing = 0;
		};
/* End PBXResourcesBuildPhase section */

/* Begin PBXSourcesBuildPhase section */
		5BA74ADF2821097E0088ABBC /* Sources */ = {
			isa = PBXSourcesBuildPhase;
			buildActionMask = 2147483647;
			files = (
				5B7790E3282C1495009E537F /* StrokeAnimation.swift in Sources */,
				5B7790E8282CF9BC009E537F /* FrameAnimation.swift in Sources */,
				5BA74AEB2821097E0088ABBC /* ViewController.swift in Sources */,
				5BDE4D0928210D9C00C6CEE6 /* SpinnerView.swift in Sources */,
				5BA74AE72821097E0088ABBC /* AppDelegate.swift in Sources */,
				5B7790EA282CFC3F009E537F /* HueSpinnerView.swift in Sources */,
				5BA74AE92821097E0088ABBC /* SceneDelegate.swift in Sources */,
				5B7790EF282D870F009E537F /* RotationAnimation.swift in Sources */,
				5BDE4D0D282113C300C6CEE6 /* SpinnerShapeLayer.swift in Sources */,
			);
			runOnlyForDeploymentPostprocessing = 0;
		};
/* End PBXSourcesBuildPhase section */

/* Begin PBXVariantGroup section */
		5BA74AF12821097F0088ABBC /* LaunchScreen.storyboard */ = {
			isa = PBXVariantGroup;
			children = (
				5BA74AF22821097F0088ABBC /* Base */,
			);
			name = LaunchScreen.storyboard;
			sourceTree = "<group>";
		};
/* End PBXVariantGroup section */

/* Begin XCBuildConfiguration section */
		5BA74AF52821097F0088ABBC /* Debug */ = {
			isa = XCBuildConfiguration;
			buildSettings = {
				ALWAYS_SEARCH_USER_PATHS = NO;
				CLANG_ANALYZER_NONNULL = YES;
				CLANG_ANALYZER_NUMBER_OBJECT_CONVERSION = YES_AGGRESSIVE;
				CLANG_CXX_LANGUAGE_STANDARD = "gnu++17";
				CLANG_CXX_LIBRARY = "libc++";
				CLANG_ENABLE_MODULES = YES;
				CLANG_ENABLE_OBJC_ARC = YES;
				CLANG_ENABLE_OBJC_WEAK = YES;
				CLANG_WARN_BLOCK_CAPTURE_AUTORELEASING = YES;
				CLANG_WARN_BOOL_CONVERSION = YES;
				CLANG_WARN_COMMA = YES;
				CLANG_WARN_CONSTANT_CONVERSION = YES;
				CLANG_WARN_DEPRECATED_OBJC_IMPLEMENTATIONS = YES;
				CLANG_WARN_DIRECT_OBJC_ISA_USAGE = YES_ERROR;
				CLANG_WARN_DOCUMENTATION_COMMENTS = YES;
				CLANG_WARN_EMPTY_BODY = YES;
				CLANG_WARN_ENUM_CONVERSION = YES;
				CLANG_WARN_INFINITE_RECURSION = YES;
				CLANG_WARN_INT_CONVERSION = YES;
				CLANG_WARN_NON_LITERAL_NULL_CONVERSION = YES;
				CLANG_WARN_OBJC_IMPLICIT_RETAIN_SELF = YES;
				CLANG_WARN_OBJC_LITERAL_CONVERSION = YES;
				CLANG_WARN_OBJC_ROOT_CLASS = YES_ERROR;
				CLANG_WARN_QUOTED_INCLUDE_IN_FRAMEWORK_HEADER = YES;
				CLANG_WARN_RANGE_LOOP_ANALYSIS = YES;
				CLANG_WARN_STRICT_PROTOTYPES = YES;
				CLANG_WARN_SUSPICIOUS_MOVE = YES;
				CLANG_WARN_UNGUARDED_AVAILABILITY = YES_AGGRESSIVE;
				CLANG_WARN_UNREACHABLE_CODE = YES;
				CLANG_WARN__DUPLICATE_METHOD_MATCH = YES;
				COPY_PHASE_STRIP = NO;
				DEBUG_INFORMATION_FORMAT = dwarf;
				ENABLE_STRICT_OBJC_MSGSEND = YES;
				ENABLE_TESTABILITY = YES;
				GCC_C_LANGUAGE_STANDARD = gnu11;
				GCC_DYNAMIC_NO_PIC = NO;
				GCC_NO_COMMON_BLOCKS = YES;
				GCC_OPTIMIZATION_LEVEL = 0;
				GCC_PREPROCESSOR_DEFINITIONS = (
					"DEBUG=1",
					"$(inherited)",
				);
				GCC_WARN_64_TO_32_BIT_CONVERSION = YES;
				GCC_WARN_ABOUT_RETURN_TYPE = YES_ERROR;
				GCC_WARN_UNDECLARED_SELECTOR = YES;
				GCC_WARN_UNINITIALIZED_AUTOS = YES_AGGRESSIVE;
				GCC_WARN_UNUSED_FUNCTION = YES;
				GCC_WARN_UNUSED_VARIABLE = YES;
				IPHONEOS_DEPLOYMENT_TARGET = 15.0;
				MTL_ENABLE_DEBUG_INFO = INCLUDE_SOURCE;
				MTL_FAST_MATH = YES;
				ONLY_ACTIVE_ARCH = YES;
				SDKROOT = iphoneos;
				SWIFT_ACTIVE_COMPILATION_CONDITIONS = DEBUG;
				SWIFT_OPTIMIZATION_LEVEL = "-Onone";
			};
			name = Debug;
		};
		5BA74AF62821097F0088ABBC /* Release */ = {
			isa = XCBuildConfiguration;
			buildSettings = {
				ALWAYS_SEARCH_USER_PATHS = NO;
				CLANG_ANALYZER_NONNULL = YES;
				CLANG_ANALYZER_NUMBER_OBJECT_CONVERSION = YES_AGGRESSIVE;
				CLANG_CXX_LANGUAGE_STANDARD = "gnu++17";
				CLANG_CXX_LIBRARY = "libc++";
				CLANG_ENABLE_MODULES = YES;
				CLANG_ENABLE_OBJC_ARC = YES;
				CLANG_ENABLE_OBJC_WEAK = YES;
				CLANG_WARN_BLOCK_CAPTURE_AUTORELEASING = YES;
				CLANG_WARN_BOOL_CONVERSION = YES;
				CLANG_WARN_COMMA = YES;
				CLANG_WARN_CONSTANT_CONVERSION = YES;
				CLANG_WARN_DEPRECATED_OBJC_IMPLEMENTATIONS = YES;
				CLANG_WARN_DIRECT_OBJC_ISA_USAGE = YES_ERROR;
				CLANG_WARN_DOCUMENTATION_COMMENTS = YES;
				CLANG_WARN_EMPTY_BODY = YES;
				CLANG_WARN_ENUM_CONVERSION = YES;
				CLANG_WARN_INFINITE_RECURSION = YES;
				CLANG_WARN_INT_CONVERSION = YES;
				CLANG_WARN_NON_LITERAL_NULL_CONVERSION = YES;
				CLANG_WARN_OBJC_IMPLICIT_RETAIN_SELF = YES;
				CLANG_WARN_OBJC_LITERAL_CONVERSION = YES;
				CLANG_WARN_OBJC_ROOT_CLASS = YES_ERROR;
				CLANG_WARN_QUOTED_INCLUDE_IN_FRAMEWORK_HEADER = YES;
				CLANG_WARN_RANGE_LOOP_ANALYSIS = YES;
				CLANG_WARN_STRICT_PROTOTYPES = YES;
				CLANG_WARN_SUSPICIOUS_MOVE = YES;
				CLANG_WARN_UNGUARDED_AVAILABILITY = YES_AGGRESSIVE;
				CLANG_WARN_UNREACHABLE_CODE = YES;
				CLANG_WARN__DUPLICATE_METHOD_MATCH = YES;
				COPY_PHASE_STRIP = NO;
				DEBUG_INFORMATION_FORMAT = "dwarf-with-dsym";
				ENABLE_NS_ASSERTIONS = NO;
				ENABLE_STRICT_OBJC_MSGSEND = YES;
				GCC_C_LANGUAGE_STANDARD = gnu11;
				GCC_NO_COMMON_BLOCKS = YES;
				GCC_WARN_64_TO_32_BIT_CONVERSION = YES;
				GCC_WARN_ABOUT_RETURN_TYPE = YES_ERROR;
				GCC_WARN_UNDECLARED_SELECTOR = YES;
				GCC_WARN_UNINITIALIZED_AUTOS = YES_AGGRESSIVE;
				GCC_WARN_UNUSED_FUNCTION = YES;
				GCC_WARN_UNUSED_VARIABLE = YES;
				IPHONEOS_DEPLOYMENT_TARGET = 15.0;
				MTL_ENABLE_DEBUG_INFO = NO;
				MTL_FAST_MATH = YES;
				SDKROOT = iphoneos;
				SWIFT_COMPILATION_MODE = wholemodule;
				SWIFT_OPTIMIZATION_LEVEL = "-O";
				VALIDATE_PRODUCT = YES;
			};
			name = Release;
		};
		5BA74AF82821097F0088ABBC /* Debug */ = {
			isa = XCBuildConfiguration;
			buildSettings = {
				ASSETCATALOG_COMPILER_APPICON_NAME = AppIcon;
				ASSETCATALOG_COMPILER_GLOBAL_ACCENT_COLOR_NAME = AccentColor;
				CODE_SIGN_STYLE = Automatic;
				CURRENT_PROJECT_VERSION = 1;
				GENERATE_INFOPLIST_FILE = YES;
				INFOPLIST_FILE = "Spinner Demo/Info.plist";
				INFOPLIST_KEY_UIApplicationSupportsIndirectInputEvents = YES;
				INFOPLIST_KEY_UILaunchStoryboardName = LaunchScreen;
				INFOPLIST_KEY_UISupportedInterfaceOrientations_iPad = "UIInterfaceOrientationPortrait UIInterfaceOrientationPortraitUpsideDown UIInterfaceOrientationLandscapeLeft UIInterfaceOrientationLandscapeRight";
				INFOPLIST_KEY_UISupportedInterfaceOrientations_iPhone = "UIInterfaceOrientationPortrait UIInterfaceOrientationLandscapeLeft UIInterfaceOrientationLandscapeRight";
				LD_RUNPATH_SEARCH_PATHS = (
					"$(inherited)",
					"@executable_path/Frameworks",
				);
				MARKETING_VERSION = 1.0;
				PRODUCT_BUNDLE_IDENTIFIER = "org.alifakih.Spinner-Demo";
				PRODUCT_NAME = "$(TARGET_NAME)";
				SWIFT_EMIT_LOC_STRINGS = YES;
				SWIFT_VERSION = 5.0;
				TARGETED_DEVICE_FAMILY = "1,2";
			};
			name = Debug;
		};
		5BA74AF92821097F0088ABBC /* Release */ = {
			isa = XCBuildConfiguration;
			buildSettings = {
				ASSETCATALOG_COMPILER_APPICON_NAME = AppIcon;
				ASSETCATALOG_COMPILER_GLOBAL_ACCENT_COLOR_NAME = AccentColor;
				CODE_SIGN_STYLE = Automatic;
				CURRENT_PROJECT_VERSION = 1;
				GENERATE_INFOPLIST_FILE = YES;
				INFOPLIST_FILE = "Spinner Demo/Info.plist";
				INFOPLIST_KEY_UIApplicationSupportsIndirectInputEvents = YES;
				INFOPLIST_KEY_UILaunchStoryboardName = LaunchScreen;
				INFOPLIST_KEY_UISupportedInterfaceOrientations_iPad = "UIInterfaceOrientationPortrait UIInterfaceOrientationPortraitUpsideDown UIInterfaceOrientationLandscapeLeft UIInterfaceOrientationLandscapeRight";
				INFOPLIST_KEY_UISupportedInterfaceOrientations_iPhone = "UIInterfaceOrientationPortrait UIInterfaceOrientationLandscapeLeft UIInterfaceOrientationLandscapeRight";
				LD_RUNPATH_SEARCH_PATHS = (
					"$(inherited)",
					"@executable_path/Frameworks",
				);
				MARKETING_VERSION = 1.0;
				PRODUCT_BUNDLE_IDENTIFIER = "org.alifakih.Spinner-Demo";
				PRODUCT_NAME = "$(TARGET_NAME)";
				SWIFT_EMIT_LOC_STRINGS = YES;
				SWIFT_VERSION = 5.0;
				TARGETED_DEVICE_FAMILY = "1,2";
			};
			name = Release;
		};
/* End XCBuildConfiguration section */

/* Begin XCConfigurationList section */
		5BA74ADE2821097E0088ABBC /* Build configuration list for PBXProject "Spinner Demo" */ = {
			isa = XCConfigurationList;
			buildConfigurations = (
				5BA74AF52821097F0088ABBC /* Debug */,
				5BA74AF62821097F0088ABBC /* Release */,
			);
			defaultConfigurationIsVisible = 0;
			defaultConfigurationName = Release;
		};
		5BA74AF72821097F0088ABBC /* Build configuration list for PBXNativeTarget "Spinner Demo" */ = {
			isa = XCConfigurationList;
			buildConfigurations = (
				5BA74AF82821097F0088ABBC /* Debug */,
				5BA74AF92821097F0088ABBC /* Release */,
			);
			defaultConfigurationIsVisible = 0;
			defaultConfigurationName = Release;
		};
/* End XCConfigurationList section */

/* Begin XCRemoteSwiftPackageReference section */
		5B7790E4282CEE65009E537F /* XCRemoteSwiftPackageReference "SnapKit" */ = {
			isa = XCRemoteSwiftPackageReference;
			repositoryURL = "https://github.com/SnapKit/SnapKit.git";
			requirement = {
				kind = upToNextMajorVersion;
				minimumVersion = 5.0.0;
			};
		};
/* End XCRemoteSwiftPackageReference section */

/* Begin XCSwiftPackageProductDependency section */
		5B7790E5282CEE65009E537F /* SnapKit */ = {
			isa = XCSwiftPackageProductDependency;
			package = 5B7790E4282CEE65009E537F /* XCRemoteSwiftPackageReference "SnapKit" */;
			productName = SnapKit;
		};
/* End XCSwiftPackageProductDependency section */
	};
	rootObject = 5BA74ADB2821097E0088ABBC /* Project object */;
}
